
Microsoft Visual Studio Solution File, Format Version 12.00
# Visual Studio Version 16
VisualStudioVersion = 16.0.30907.101
MinimumVisualStudioVersion = 10.0.40219.1
Project("{F184B08F-C81C-45F6-A57F-5ABD9991F28F}") = "SW_metodo_3", "SW_metodo_3.vbproj", "{44863FD1-69D3-4262-80AE-274EFA3049A2}"
EndProject
Global
	GlobalSection(SolutionConfigurationPlatforms) = preSolution
		Debug|Any CPU = Debug|Any CPU
		Release|Any CPU = Release|Any CPU
	EndGlobalSection
	GlobalSection(ProjectConfigurationPlatforms) = postSolution
		{44863FD1-69D3-4262-80AE-274EFA3049A2}.Debug|Any CPU.ActiveCfg = Debug|Any CPU
		{44863FD1-69D3-4262-80AE-274EFA3049A2}.Debug|Any CPU.Build.0 = Debug|Any CPU
		{44863FD1-69D3-4262-80AE-274EFA3049A2}.Release|Any CPU.ActiveCfg = Release|Any CPU
		{44863FD1-69D3-4262-80AE-274EFA3049A2}.Release|Any CPU.Build.0 = Release|Any CPU
	EndGlobalSection
	GlobalSection(SolutionProperties) = preSolution
		HideSolutionNode = FALSE
	EndGlobalSection
	GlobalSection(ExtensibilityGlobals) = postSolution
		SolutionGuid = {AEDE799E-28D8-4525-89B8-59A589C52169}
	EndGlobalSection
EndGlobal
